{
  "lockfile_version": "1",
  "packages": {
    "bun@latest": {
      "last_modified": "2024-10-13T23:44:06Z",
      "resolved": "github:NixOS/nixpkgs/d4f247e89f6e10120f911e2e2d2254a050d0f732#bun",
      "source": "devbox-search",
      "version": "1.1.29",
      "systems": {
        "aarch64-darwin": {
          "outputs": [
            {
              "name": "out",
              "path": "/nix/store/q8gjb6x9dgz2vq761dr50aifd69lsyhk-bun-1.1.29",
              "default": true
            }
          ],
          "store_path": "/nix/store/q8gjb6x9dgz2vq761dr50aifd69lsyhk-bun-1.1.29"
        },
        "aarch64-linux": {
          "outputs": [
            {
              "name": "out",
              "path": "/nix/store/9dxgpcvzl461f4q3dgz3c1xcl4h4xwjv-bun-1.1.29",
              "default": true
            }
          ],
          "store_path": "/nix/store/9dxgpcvzl461f4q3dgz3c1xcl4h4xwjv-bun-1.1.29"
        },
        "x86_64-darwin": {
          "outputs": [
            {
              "name": "out",
              "path": "/nix/store/0hdv8bbyw472agzgwysk7df0hra6zzj1-bun-1.1.29",
              "default": true
            }
          ],
          "store_path": "/nix/store/0hdv8bbyw472agzgwysk7df0hra6zzj1-bun-1.1.29"
        },
        "x86_64-linux": {
          "outputs": [
            {
              "name": "out",
              "path": "/nix/store/1xgl28bhcsvmw14vfyxlrb5qhmlzjifi-bun-1.1.29",
              "default": true
            }
          ],
          "store_path": "/nix/store/1xgl28bhcsvmw14vfyxlrb5qhmlzjifi-bun-1.1.29"
        }
      }
    },
    "php@latest": {
      "last_modified": "2024-10-13T23:44:06Z",
      "plugin_version": "0.0.3",
      "resolved": "github:NixOS/nixpkgs/d4f247e89f6e10120f911e2e2d2254a050d0f732#php83",
      "source": "devbox-search",
      "version": "8.3.12",
      "systems": {
        "aarch64-darwin": {
          "outputs": [
            {
              "name": "out",
              "path": "/nix/store/24a7sr4ckbwmwg614g6wx5dixbg3q0bj-php-with-extensions-8.3.12",
              "default": true
            }
          ],
          "store_path": "/nix/store/24a7sr4ckbwmwg614g6wx5dixbg3q0bj-php-with-extensions-8.3.12"
        },
        "aarch64-linux": {
          "outputs": [
            {
              "name": "out",
              "path": "/nix/store/ds38hbhqn50iampqzcamssd7f8c6nv1q-php-with-extensions-8.3.12",
              "default": true
            }
          ],
          "store_path": "/nix/store/ds38hbhqn50iampqzcamssd7f8c6nv1q-php-with-extensions-8.3.12"
        },
        "x86_64-darwin": {
          "outputs": [
            {
              "name": "out",
              "path": "/nix/store/ama74nnddqjp5ywg4zfnmmn7hmk4ayfq-php-with-extensions-8.3.12",
              "default": true
            }
          ],
          "store_path": "/nix/store/ama74nnddqjp5ywg4zfnmmn7hmk4ayfq-php-with-extensions-8.3.12"
        },
        "x86_64-linux": {
          "outputs": [
            {
              "name": "out",
              "path": "/nix/store/n7zg8vq3gf10s0jjkw5vv7f55iyck2mc-php-with-extensions-8.3.12",
              "default": true
            }
          ],
          "store_path": "/nix/store/n7zg8vq3gf10s0jjkw5vv7f55iyck2mc-php-with-extensions-8.3.12"
        }
      }
    },
    "wp-cli@latest": {
      "last_modified": "2024-10-13T23:44:06Z",
      "resolved": "github:NixOS/nixpkgs/d4f247e89f6e10120f911e2e2d2254a050d0f732#wp-cli",
      "source": "devbox-search",
      "version": "2.10.0",
      "systems": {
        "aarch64-darwin": {
          "outputs": [
            {
              "name": "out",
              "path": "/nix/store/y0jxknwflbvmkapw64fxg14rsg9ga6f5-wp-cli-2.10.0",
              "default": true
            }
          ],
          "store_path": "/nix/store/y0jxknwflbvmkapw64fxg14rsg9ga6f5-wp-cli-2.10.0"
        },
        "aarch64-linux": {
          "outputs": [
            {
              "name": "out",
              "path": "/nix/store/87hs8f29nhnrdgln04m5xlrcbksx9z7d-wp-cli-2.10.0",
              "default": true
            }
          ],
          "store_path": "/nix/store/87hs8f29nhnrdgln04m5xlrcbksx9z7d-wp-cli-2.10.0"
        },
        "x86_64-darwin": {
          "outputs": [
            {
              "name": "out",
              "path": "/nix/store/1wqscfw7blzqlg48wlwj33gv2i5miyb1-wp-cli-2.10.0",
              "default": true
            }
          ],
          "store_path": "/nix/store/1wqscfw7blzqlg48wlwj33gv2i5miyb1-wp-cli-2.10.0"
        },
        "x86_64-linux": {
          "outputs": [
            {
              "name": "out",
              "path": "/nix/store/dxnhlfsyyyk5kxm42k69xa5a8icg2yha-wp-cli-2.10.0",
              "default": true
            }
          ],
          "store_path": "/nix/store/dxnhlfsyyyk5kxm42k69xa5a8icg2yha-wp-cli-2.10.0"
        }
      }
    }
  }
}
